
Microsoft Visual Studio Solution File, Format Version 12.00
# Visual Studio Version 17
VisualStudioVersion = 17.7.34024.191
MinimumVisualStudioVersion = 10.0.40219.1
Project("{FAE04EC0-301F-11D3-BF4B-00C04F79EFBC}") = "ManagePersonWebUI", "ManagePersonWebUI.csproj", "{2578B4F3-655E-4101-A936-B69ACF30D16D}"
EndProject
Global
	GlobalSection(SolutionConfigurationPlatforms) = preSolution
		Debug|Any CPU = Debug|Any CPU
		Release|Any CPU = Release|Any CPU
	EndGlobalSection
	GlobalSection(ProjectConfigurationPlatforms) = postSolution
		{2578B4F3-655E-4101-A936-B69ACF30D16D}.Debug|Any CPU.ActiveCfg = Debug|Any CPU
		{2578B4F3-655E-4101-A936-B69ACF30D16D}.Debug|Any CPU.Build.0 = Debug|Any CPU
		{2578B4F3-655E-4101-A936-B69ACF30D16D}.Release|Any CPU.ActiveCfg = Release|Any CPU
		{2578B4F3-655E-4101-A936-B69ACF30D16D}.Release|Any CPU.Build.0 = Release|Any CPU
	EndGlobalSection
	GlobalSection(SolutionProperties) = preSolution
		HideSolutionNode = FALSE
	EndGlobalSection
	GlobalSection(ExtensibilityGlobals) = postSolution
		SolutionGuid = {23823465-CDCF-454E-9166-11108F10E0C6}
	EndGlobalSection
EndGlobal
